Microsoft Visual Studio Solution File, Format Version 12.00
# Visual Studio Version 17
VisualStudioVersion = 17.5.2.0
MinimumVisualStudioVersion = 10.0.40219.1
Project("{FAE04EC0-301F-11D3-BF4B-00C04F79EFBC}") = "VHBurguer", "VHBurguer.csproj", "{FA88472D-677F-FB96-0032-83191C6350EA}"
EndProject
Global
	GlobalSection(SolutionConfigurationPlatforms) = preSolution
		Debug|Any CPU = Debug|Any CPU
		Release|Any CPU = Release|Any CPU
	EndGlobalSection
	GlobalSection(ProjectConfigurationPlatforms) = postSolution
		{FA88472D-677F-FB96-0032-83191C6350EA}.Debug|Any CPU.ActiveCfg = Debug|Any CPU
		{FA88472D-677F-FB96-0032-83191C6350EA}.Debug|Any CPU.Build.0 = Debug|Any CPU
		{FA88472D-677F-FB96-0032-83191C6350EA}.Release|Any CPU.ActiveCfg = Release|Any CPU
		{FA88472D-677F-FB96-0032-83191C6350EA}.Release|Any CPU.Build.0 = Release|Any CPU
	EndGlobalSection
	GlobalSection(SolutionProperties) = preSolution
		HideSolutionNode = FALSE
	EndGlobalSection
	GlobalSection(ExtensibilityGlobals) = postSolution
		SolutionGuid = {3C12A812-CCFA-4705-AEC1-BF1BC4C8615B}
	EndGlobalSection
EndGlobal
